// !$*UTF8*$!
{
	archiveVersion = 1;
	classes = {
	};
	objectVersion = 46;
	objects = {

/* Begin PBXBuildFile section */
		253877271BBB7A240019D135 /* main.m in Sources */ = {isa = PBXBuildFile; fileRef = 253877261BBB7A240019D135 /* main.m */; };
		2538772A1BBB7A240019D135 /* AppDelegate.m in Sources */ = {isa = PBXBuildFile; fileRef = 253877291BBB7A240019D135 /* AppDelegate.m */; };
		2538772D1BBB7A240019D135 /* ViewController.m in Sources */ = {isa = PBXBuildFile; fileRef = 2538772C1BBB7A240019D135 /* ViewController.m */; };
		253877301BBB7A240019D135 /* Main.storyboard in Resources */ = {isa = PBXBuildFile; fileRef = 2538772E1BBB7A240019D135 /* Main.storyboard */; };
		253877321BBB7A240019D135 /* Assets.xcassets in Resources */ = {isa = PBXBuildFile; fileRef = 253877311BBB7A240019D135 /* Assets.xcassets */; };
		253877351BBB7A240019D135 /* LaunchScreen.storyboard in Resources */ = {isa = PBXBuildFile; fileRef = 253877331BBB7A240019D135 /* LaunchScreen.storyboard */; };
		253877401BBB7A240019D135 /* TableStrechingViewTests.m in Sources */ = {isa = PBXBuildFile; fileRef = 2538773F1BBB7A240019D135 /* TableStrechingViewTests.m */; };
		2538774B1BBB7A240019D135 /* TableStrechingViewUITests.m in Sources */ = {isa = PBXBuildFile; fileRef = 2538774A1BBB7A240019D135 /* TableStrechingViewUITests.m */; };
		2538775A1BBB7A4F0019D135 /* TableStrechingView.m in Sources */ = {isa = PBXBuildFile; fileRef = 253877591BBB7A4F0019D135 /* TableStrechingView.m */; settings = {ASSET_TAGS = (); }; };
		2538775D1BBB88960019D135 /* HeaderStretchingTableViewController.m in Sources */ = {isa = PBXBuildFile; fileRef = 2538775C1BBB88960019D135 /* HeaderStretchingTableViewController.m */; settings = {ASSET_TAGS = (); }; };
/* End PBXBuildFile section */

/* Begin PBXContainerItemProxy section */
		2538773C1BBB7A240019D135 /* PBXContainerItemProxy */ = {
			isa = PBXContainerItemProxy;
			containerPortal = 2538771A1BBB7A240019D135 /* Project object */;
			proxyType = 1;
			remoteGlobalIDString = 253877211BBB7A240019D135;
			remoteInfo = TableStrechingView;
		};
		253877471BBB7A240019D135 /* PBXContainerItemProxy */ = {
			isa = PBXContainerItemProxy;
			containerPortal = 2538771A1BBB7A240019D135 /* Project object */;
			proxyType = 1;
			remoteGlobalIDString = 253877211BBB7A240019D135;
			remoteInfo = TableStrechingView;
		};
/* End PBXContainerItemProxy section */

/* Begin PBXFileReference section */
		253877221BBB7A240019D135 /* TableStrechingView.app */ = {isa = PBXFileReference; explicitFileType = wrapper.application; includeInIndex = 0; path = TableStrechingView.app; sourceTree = BUILT_PRODUCTS_DIR; };
		253877261BBB7A240019D135 /* main.m */ = {isa = PBXFileReference; lastKnownFileType = sourcecode.c.objc; path = main.m; sourceTree = "<group>"; };
		253877281BBB7A240019D135 /* AppDelegate.h */ = {isa = PBXFileReference; lastKnownFileType = sourcecode.c.h; path = AppDelegate.h; sourceTree = "<group>"; };
		253877291BBB7A240019D135 /* AppDelegate.m */ = {isa = PBXFileReference; lastKnownFileType = sourcecode.c.objc; path = AppDelegate.m; sourceTree = "<group>"; };
		2538772B1BBB7A240019D135 /* ViewController.h */ = {isa = PBXFileReference; lastKnownFileType = sourcecode.c.h; path = ViewController.h; sourceTree = "<group>"; };
		2538772C1BBB7A240019D135 /* ViewController.m */ = {isa = PBXFileReference; lastKnownFileType = sourcecode.c.objc; path = ViewController.m; sourceTree = "<group>"; };
		2538772F1BBB7A240019D135 /* Base */ = {isa = PBXFileReference; lastKnownFileType = file.storyboard; name = Base; path = Base.lproj/Main.storyboard; sourceTree = "<group>"; };
		253877311BBB7A240019D135 /* Assets.xcassets */ = {isa = PBXFileReference; lastKnownFileType = folder.assetcatalog; path = Assets.xcassets; sourceTree = "<group>"; };
		253877341BBB7A240019D135 /* Base */ = {isa = PBXFileReference; lastKnownFileType = file.storyboard; name = Base; path = Base.lproj/LaunchScreen.storyboard; sourceTree = "<group>"; };
		253877361BBB7A240019D135 /* Info.plist */ = {isa = PBXFileReference; lastKnownFileType = text.plist.xml; path = Info.plist; sourceTree = "<group>"; };
		2538773B1BBB7A240019D135 /* TableStrechingViewTests.xctest */ = {isa = PBXFileReference; explicitFileType = wrapper.cfbundle; includeInIndex = 0; path = TableStrechingViewTests.xctest; sourceTree = BUILT_PRODUCTS_DIR; };
		2538773F1BBB7A240019D135 /* TableStrechingViewTests.m */ = {isa = PBXFileReference; lastKnownFileType = sourcecode.c.objc; path = TableStrechingViewTests.m; sourceTree = "<group>"; };
		253877411BBB7A240019D135 /* Info.plist */ = {isa = PBXFileReference; lastKnownFileType = text.plist.xml; path = Info.plist; sourceTree = "<group>"; };
		253877461BBB7A240019D135 /* TableStrechingViewUITests.xctest */ = {isa = PBXFileReference; explicitFileType = wrapper.cfbundle; includeInIndex = 0; path = TableStrechingViewUITests.xctest; sourceTree = BUILT_PRODUCTS_DIR; };
		2538774A1BBB7A240019D135 /* TableStrechingViewUITests.m */ = {isa = PBXFileReference; lastKnownFileType = sourcecode.c.objc; path = TableStrechingViewUITests.m; sourceTree = "<group>"; };
		2538774C1BBB7A240019D135 /* Info.plist */ = {isa = PBXFileReference; lastKnownFileType = text.plist.xml; path = Info.plist; sourceTree = "<group>"; };
		253877581BBB7A4F0019D135 /* TableStrechingView.h */ = {isa = PBXFileReference; fileEncoding = 4; lastKnownFileType = sourcecode.c.h; path = TableStrechingView.h; sourceTree = "<group>"; };
		253877591BBB7A4F0019D135 /* TableStrechingView.m */ = {isa = PBXFileReference; fileEncoding = 4; lastKnownFileType = sourcecode.c.objc; path = TableStrechingView.m; sourceTree = "<group>"; };
		2538775B1BBB88960019D135 /* HeaderStretchingTableViewController.h */ = {isa = PBXFileReference; fileEncoding = 4; lastKnownFileType = sourcecode.c.h; path = HeaderStretchingTableViewController.h; sourceTree = "<group>"; };
		2538775C1BBB88960019D135 /* HeaderStretchingTableViewController.m */ = {isa = PBXFileReference; fileEncoding = 4; lastKnownFileType = sourcecode.c.objc; path = HeaderStretchingTableViewController.m; sourceTree = "<group>"; };
/* End PBXFileReference section */

/* Begin PBXFrameworksBuildPhase section */
		2538771F1BBB7A240019D135 /* Frameworks */ = {
			isa = PBXFrameworksBuildPhase;
			buildActionMask = 2147483647;
			files = (
			);
			runOnlyForDeploymentPostprocessing = 0;
		};
		253877381BBB7A240019D135 /* Frameworks */ = {
			isa = PBXFrameworksBuildPhase;
			buildActionMask = 2147483647;
			files = (
			);
			runOnlyForDeploymentPostprocessing = 0;
		};
		253877431BBB7A240019D135 /* Frameworks */ = {
			isa = PBXFrameworksBuildPhase;
			buildActionMask = 2147483647;
			files = (
			);
			runOnlyForDeploymentPostprocessing = 0;
		};
/* End PBXFrameworksBuildPhase section */

/* Begin PBXGroup section */
		253877191BBB7A240019D135 = {
			isa = PBXGroup;
			children = (
				253877241BBB7A240019D135 /* TableStrechingView */,
				2538773E1BBB7A240019D135 /* TableStrechingViewTests */,
				253877491BBB7A240019D135 /* TableStrechingViewUITests */,
				253877231BBB7A240019D135 /* Products */,
			);
			sourceTree = "<group>";
		};
		253877231BBB7A240019D135 /* Products */ = {
			isa = PBXGroup;
			children = (
				253877221BBB7A240019D135 /* TableStrechingView.app */,
				2538773B1BBB7A240019D135 /* TableStrechingViewTests.xctest */,
				253877461BBB7A240019D135 /* TableStrechingViewUITests.xctest */,
			);
			name = Products;
			sourceTree = "<group>";
		};
		253877241BBB7A240019D135 /* TableStrechingView */ = {
			isa = PBXGroup;
			children = (
				253877281BBB7A240019D135 /* AppDelegate.h */,
				253877291BBB7A240019D135 /* AppDelegate.m */,
				2538772B1BBB7A240019D135 /* ViewController.h */,
				2538772C1BBB7A240019D135 /* ViewController.m */,
				253877581BBB7A4F0019D135 /* TableStrechingView.h */,
				253877591BBB7A4F0019D135 /* TableStrechingView.m */,
				2538775B1BBB88960019D135 /* HeaderStretchingTableViewController.h */,
				2538775C1BBB88960019D135 /* HeaderStretchingTableViewController.m */,
				2538772E1BBB7A240019D135 /* Main.storyboard */,
				253877311BBB7A240019D135 /* Assets.xcassets */,
				253877331BBB7A240019D135 /* LaunchScreen.storyboard */,
				253877361BBB7A240019D135 /* Info.plist */,
				253877251BBB7A240019D135 /* Supporting Files */,
			);
			path = TableStrechingView;
			sourceTree = "<group>";
		};
		253877251BBB7A240019D135 /* Supporting Files */ = {
			isa = PBXGroup;
			children = (
				253877261BBB7A240019D135 /* main.m */,
			);
			name = "Supporting Files";
			sourceTree = "<group>";
		};
		2538773E1BBB7A240019D135 /* TableStrechingViewTests */ = {
			isa = PBXGroup;
			children = (
				2538773F1BBB7A240019D135 /* TableStrechingViewTests.m */,
				253877411BBB7A240019D135 /* Info.plist */,
			);
			path = TableStrechingViewTests;
			sourceTree = "<group>";
		};
		253877491BBB7A240019D135 /* TableStrechingViewUITests */ = {
			isa = PBXGroup;
			children = (
				2538774A1BBB7A240019D135 /* TableStrechingViewUITests.m */,
				2538774C1BBB7A240019D135 /* Info.plist */,
			);
			path = TableStrechingViewUITests;
			sourceTree = "<group>";
		};
/* End PBXGroup section */

/* Begin PBXNativeTarget section */
		253877211BBB7A240019D135 /* TableStrechingView */ = {
			isa = PBXNativeTarget;
			buildConfigurationList = 2538774F1BBB7A240019D135 /* Build configuration list for PBXNativeTarget "TableStrechingView" */;
			buildPhases = (
				2538771E1BBB7A240019D135 /* Sources */,
				2538771F1BBB7A240019D135 /* Frameworks */,
				253877201BBB7A240019D135 /* Resources */,
			);
			buildRules = (
			);
			dependencies = (
			);
			name = TableStrechingView;
			productName = TableStrechingView;
			productReference = 253877221BBB7A240019D135 /* TableStrechingView.app */;
			productType = "com.apple.product-type.application";
		};
		2538773A1BBB7A240019D135 /* TableStrechingViewTests */ = {
			isa = PBXNativeTarget;
			buildConfigurationList = 253877521BBB7A240019D135 /* Build configuration list for PBXNativeTarget "TableStrechingViewTests" */;
			buildPhases = (
				253877371BBB7A240019D135 /* Sources */,
				253877381BBB7A240019D135 /* Frameworks */,
				253877391BBB7A240019D135 /* Resources */,
			);
			buildRules = (
			);
			dependencies = (
				2538773D1BBB7A240019D135 /* PBXTargetDependency */,
			);
			name = TableStrechingViewTests;
			productName = TableStrechingViewTests;
			productReference = 2538773B1BBB7A240019D135 /* TableStrechingViewTests.xctest */;
			productType = "com.apple.product-type.bundle.unit-test";
		};
		253877451BBB7A240019D135 /* TableStrechingViewUITests */ = {
			isa = PBXNativeTarget;
			buildConfigurationList = 253877551BBB7A240019D135 /* Build configuration list for PBXNativeTarget "TableStrechingViewUITests" */;
			buildPhases = (
				253877421BBB7A240019D135 /* Sources */,
				253877431BBB7A240019D135 /* Frameworks */,
				253877441BBB7A240019D135 /* Resources */,
			);
			buildRules = (
			);
			dependencies = (
				253877481BBB7A240019D135 /* PBXTargetDependency */,
			);
			name = TableStrechingViewUITests;
			productName = TableStrechingViewUITests;
			productReference = 253877461BBB7A240019D135 /* TableStrechingViewUITests.xctest */;
			productType = "com.apple.product-type.bundle.ui-testing";
		};
/* End PBXNativeTarget section */

/* Begin PBXProject section */
		2538771A1BBB7A240019D135 /* Project object */ = {
			isa = PBXProject;
			attributes = {
				LastUpgradeCheck = 0700;
				ORGANIZATIONNAME = zhanglei;
				TargetAttributes = {
					253877211BBB7A240019D135 = {
						CreatedOnToolsVersion = 7.0;
					};
					2538773A1BBB7A240019D135 = {
						CreatedOnToolsVersion = 7.0;
						TestTargetID = 253877211BBB7A240019D135;
					};
					253877451BBB7A240019D135 = {
						CreatedOnToolsVersion = 7.0;
						TestTargetID = 253877211BBB7A240019D135;
					};
				};
			};
			buildConfigurationList = 2538771D1BBB7A240019D135 /* Build configuration list for PBXProject "TableStrechingView" */;
			compatibilityVersion = "Xcode 3.2";
			developmentRegion = English;
			hasScannedForEncodings = 0;
			knownRegions = (
				en,
				Base,
			);
			mainGroup = 253877191BBB7A240019D135;
			productRefGroup = 253877231BBB7A240019D135 /* Products */;
			projectDirPath = "";
			projectRoot = "";
			targets = (
				253877211BBB7A240019D135 /* TableStrechingView */,
				2538773A1BBB7A240019D135 /* TableStrechingViewTests */,
				253877451BBB7A240019D135 /* TableStrechingViewUITests */,
			);
		};
/* End PBXProject section */

/* Begin PBXResourcesBuildPhase section */
		253877201BBB7A240019D135 /* Resources */ = {
			isa = PBXResourcesBuildPhase;
			buildActionMask = 2147483647;
			files = (
				253877351BBB7A240019D135 /* LaunchScreen.storyboard in Resources */,
				253877321BBB7A240019D135 /* Assets.xcassets in Resources */,
				253877301BBB7A240019D135 /* Main.storyboard in Resources */,
			);
			runOnlyForDeploymentPostprocessing = 0;
		};
		253877391BBB7A240019D135 /* Resources */ = {
			isa = PBXResourcesBuildPhase;
			buildActionMask = 2147483647;
			files = (
			);
			runOnlyForDeploymentPostprocessing = 0;
		};
		253877441BBB7A240019D135 /* Resources */ = {
			isa = PBXResourcesBuildPhase;
			buildActionMask = 2147483647;
			files = (
			);
			runOnlyForDeploymentPostprocessing = 0;
		};
/* End PBXResourcesBuildPhase section */

/* Begin PBXSourcesBuildPhase section */
		2538771E1BBB7A240019D135 /* Sources */ = {
			isa = PBXSourcesBuildPhase;
			buildActionMask = 2147483647;
			files = (
				2538772D1BBB7A240019D135 /* ViewController.m in Sources */,
				2538775A1BBB7A4F0019D135 /* TableStrechingView.m in Sources */,
				2538772A1BBB7A240019D135 /* AppDelegate.m in Sources */,
				2538775D1BBB88960019D135 /* HeaderStretchingTableViewController.m in Sources */,
				253877271BBB7A240019D135 /* main.m in Sources */,
			);
			runOnlyForDeploymentPostprocessing = 0;
		};
		253877371BBB7A240019D135 /* Sources */ = {
			isa = PBXSourcesBuildPhase;
			buildActionMask = 2147483647;
			files = (
				253877401BBB7A240019D135 /* TableStrechingViewTests.m in Sources */,
			);
			runOnlyForDeploymentPostprocessing = 0;
		};
		253877421BBB7A240019D135 /* Sources */ = {
			isa = PBXSourcesBuildPhase;
			buildActionMask = 2147483647;
			files = (
				2538774B1BBB7A240019D135 /* TableStrechingViewUITests.m in Sources */,
			);
			runOnlyForDeploymentPostprocessing = 0;
		};
/* End PBXSourcesBuildPhase section */

/* Begin PBXTargetDependency section */
		2538773D1BBB7A240019D135 /* PBXTargetDependency */ = {
			isa = PBXTargetDependency;
			target = 253877211BBB7A240019D135 /* TableStrechingView */;
			targetProxy = 2538773C1BBB7A240019D135 /* PBXContainerItemProxy */;
		};
		253877481BBB7A240019D135 /* PBXTargetDependency */ = {
			isa = PBXTargetDependency;
			target = 253877211BBB7A240019D135 /* TableStrechingView */;
			targetProxy = 253877471BBB7A240019D135 /* PBXContainerItemProxy */;
		};
/* End PBXTargetDependency section */

/* Begin PBXVariantGroup section */
		2538772E1BBB7A240019D135 /* Main.storyboard */ = {
			isa = PBXVariantGroup;
			children = (
				2538772F1BBB7A240019D135 /* Base */,
			);
			name = Main.storyboard;
			sourceTree = "<group>";
		};
		253877331BBB7A240019D135 /* LaunchScreen.storyboard */ = {
			isa = PBXVariantGroup;
			children = (
				253877341BBB7A240019D135 /* Base */,
			);
			name = LaunchScreen.storyboard;
			sourceTree = "<group>";
		};
/* End PBXVariantGroup section */

/* Begin XCBuildConfiguration section */
		2538774D1BBB7A240019D135 /* Debug */ = {
			isa = XCBuildConfiguration;
			buildSettings = {
				ALWAYS_SEARCH_USER_PATHS = NO;
				CLANG_CXX_LANGUAGE_STANDARD = "gnu++0x";
				CLANG_CXX_LIBRARY = "libc++";
				CLANG_ENABLE_MODULES = YES;
				CLANG_ENABLE_OBJC_ARC = YES;
				CLANG_WARN_BOOL_CONVERSION = YES;
				CLANG_WARN_CONSTANT_CONVERSION = YES;
				CLANG_WARN_DIRECT_OBJC_ISA_USAGE = YES_ERROR;
				CLANG_WARN_EMPTY_BODY = YES;
				CLANG_WARN_ENUM_CONVERSION = YES;
				CLANG_WARN_INT_CONVERSION = YES;
				CLANG_WARN_OBJC_ROOT_CLASS = YES_ERROR;
				CLANG_WARN_UNREACHABLE_CODE = YES;
				CLANG_WARN__DUPLICATE_METHOD_MATCH = YES;
				"CODE_SIGN_IDENTITY[sdk=iphoneos*]" = "iPhone Developer";
				COPY_PHASE_STRIP = NO;
				DEBUG_INFORMATION_FORMAT = dwarf;
				ENABLE_STRICT_OBJC_MSGSEND = YES;
				ENABLE_TESTABILITY = YES;
				GCC_C_LANGUAGE_STANDARD = gnu99;
				GCC_DYNAMIC_NO_PIC = NO;
				GCC_NO_COMMON_BLOCKS = YES;
				GCC_OPTIMIZATION_LEVEL = 0;
				GCC_PREPROCESSOR_DEFINITIONS = (
					"DEBUG=1",
					"$(inherited)",
				);
				GCC_WARN_64_TO_32_BIT_CONVERSION = YES;
				GCC_WARN_ABOUT_RETURN_TYPE = YES_ERROR;
				GCC_WARN_UNDECLARED_SELECTOR = YES;
				GCC_WARN_UNINITIALIZED_AUTOS = YES_AGGRESSIVE;
				GCC_WARN_UNUSED_FUNCTION = YES;
				GCC_WARN_UNUSED_VARIABLE = YES;
				IPHONEOS_DEPLOYMENT_TARGET = 9.0;
				MTL_ENABLE_DEBUG_INFO = YES;
				ONLY_ACTIVE_ARCH = YES;
				SDKROOT = iphoneos;
			};
			name = Debug;
		};
		2538774E1BBB7A240019D135 /* Release */ = {
			isa = XCBuildConfiguration;
			buildSettings = {
				ALWAYS_SEARCH_USER_PATHS = NO;
				CLANG_CXX_LANGUAGE_STANDARD = "gnu++0x";
				CLANG_CXX_LIBRARY = "libc++";
				CLANG_ENABLE_MODULES = YES;
				CLANG_ENABLE_OBJC_ARC = YES;
				CLANG_WARN_BOOL_CONVERSION = YES;
				CLANG_WARN_CONSTANT_CONVERSION = YES;
				CLANG_WARN_DIRECT_OBJC_ISA_USAGE = YES_ERROR;
				CLANG_WARN_EMPTY_BODY = YES;
				CLANG_WARN_ENUM_CONVERSION = YES;
				CLANG_WARN_INT_CONVERSION = YES;
				CLANG_WARN_OBJC_ROOT_CLASS = YES_ERROR;
				CLANG_WARN_UNREACHABLE_CODE = YES;
				CLANG_WARN__DUPLICATE_METHOD_MATCH = YES;
				"CODE_SIGN_IDENTITY[sdk=iphoneos*]" = "iPhone Developer";
				COPY_PHASE_STRIP = NO;
				DEBUG_INFORMATION_FORMAT = "dwarf-with-dsym";
				ENABLE_NS_ASSERTIONS = NO;
				ENABLE_STRICT_OBJC_MSGSEND = YES;
				GCC_C_LANGUAGE_STANDARD = gnu99;
				GCC_NO_COMMON_BLOCKS = YES;
				GCC_WARN_64_TO_32_BIT_CONVERSION = YES;
				GCC_WARN_ABOUT_RETURN_TYPE = YES_ERROR;
				GCC_WARN_UNDECLARED_SELECTOR = YES;
				GCC_WARN_UNINITIALIZED_AUTOS = YES_AGGRESSIVE;
				GCC_WARN_UNUSED_FUNCTION = YES;
				GCC_WARN_UNUSED_VARIABLE = YES;
				IPHONEOS_DEPLOYMENT_TARGET = 9.0;
				MTL_ENABLE_DEBUG_INFO = NO;
				SDKROOT = iphoneos;
				VALIDATE_PRODUCT = YES;
			};
			name = Release;
		};
		253877501BBB7A240019D135 /* Debug */ = {
			isa = XCBuildConfiguration;
			buildSettings = {
				ASSETCATALOG_COMPILER_APPICON_NAME = AppIcon;
				INFOPLIST_FILE = TableStrechingView/Info.plist;
				LD_RUNPATH_SEARCH_PATHS = "$(inherited) @executable_path/Frameworks";
				PRODUCT_BUNDLE_IDENTIFIER = com.line0.TableStrechingView;
				PRODUCT_NAME = "$(TARGET_NAME)";
			};
			name = Debug;
		};
		253877511BBB7A240019D135 /* Release */ = {
			isa = XCBuildConfiguration;
			buildSettings = {
				ASSETCATALOG_COMPILER_APPICON_NAME = AppIcon;
				INFOPLIST_FILE = TableStrechingView/Info.plist;
				LD_RUNPATH_SEARCH_PATHS = "$(inherited) @executable_path/Frameworks";
				PRODUCT_BUNDLE_IDENTIFIER = com.line0.TableStrechingView;
				PRODUCT_NAME = "$(TARGET_NAME)";
			};
			name = Release;
		};
		253877531BBB7A240019D135 /* Debug */ = {
			isa = XCBuildConfiguration;
			buildSettings = {
				BUNDLE_LOADER = "$(TEST_HOST)";
				INFOPLIST_FILE = TableStrechingViewTests/Info.plist;
				LD_RUNPATH_SEARCH_PATHS = "$(inherited) @executable_path/Frameworks @loader_path/Frameworks";
				PRODUCT_BUNDLE_IDENTIFIER = com.line0.TableStrechingViewTests;
				PRODUCT_NAME = "$(TARGET_NAME)";
				TEST_HOST = "$(BUILT_PRODUCTS_DIR)/TableStrechingView.app/TableStrechingView";
			};
			name = Debug;
		};
		253877541BBB7A240019D135 /* Release */ = {
			isa = XCBuildConfiguration;
			buildSettings = {
				BUNDLE_LOADER = "$(TEST_HOST)";
				INFOPLIST_FILE = TableStrechingViewTests/Info.plist;
				LD_RUNPATH_SEARCH_PATHS = "$(inherited) @executable_path/Frameworks @loader_path/Frameworks";
				PRODUCT_BUNDLE_IDENTIFIER = com.line0.TableStrechingViewTests;
				PRODUCT_NAME = "$(TARGET_NAME)";
				TEST_HOST = "$(BUILT_PRODUCTS_DIR)/TableStrechingView.app/TableStrechingView";
			};
			name = Release;
		};
		253877561BBB7A240019D135 /* Debug */ = {
			isa = XCBuildConfiguration;
			buildSettings = {
				INFOPLIST_FILE = TableStrechingViewUITests/Info.plist;
				LD_RUNPATH_SEARCH_PATHS = "$(inherited) @executable_path/Frameworks @loader_path/Frameworks";
				PRODUCT_BUNDLE_IDENTIFIER = com.line0.TableStrechingViewUITests;
				PRODUCT_NAME = "$(TARGET_NAME)";
				TEST_TARGET_NAME = TableStrechingView;
				USES_XCTRUNNER = YES;
			};
			name = Debug;
		};
		253877571BBB7A240019D135 /* Release */ = {
			isa = XCBuildConfiguration;
			buildSettings = {
				INFOPLIST_FILE = TableStrechingViewUITests/Info.plist;
				LD_RUNPATH_SEARCH_PATHS = "$(inherited) @executable_path/Frameworks @loader_path/Frameworks";
				PRODUCT_BUNDLE_IDENTIFIER = com.line0.TableStrechingViewUITests;
				PRODUCT_NAME = "$(TARGET_NAME)";
				TEST_TARGET_NAME = TableStrechingView;
				USES_XCTRUNNER = YES;
			};
			name = Release;
		};
/* End XCBuildConfiguration section */

/* Begin XCConfigurationList section */
		2538771D1BBB7A240019D135 /* Build configuration list for PBXProject "TableStrechingView" */ = {
			isa = XCConfigurationList;
			buildConfigurations = (
				2538774D1BBB7A240019D135 /* Debug */,
				2538774E1BBB7A240019D135 /* Release */,
			);
			defaultConfigurationIsVisible = 0;
			defaultConfigurationName = Release;
		};
		2538774F1BBB7A240019D135 /* Build configuration list for PBXNativeTarget "TableStrechingView" */ = {
			isa = XCConfigurationList;
			buildConfigurations = (
				253877501BBB7A240019D135 /* Debug */,
				253877511BBB7A240019D135 /* Release */,
			);
			defaultConfigurationIsVisible = 0;
			defaultConfigurationName = Release;
		};
		253877521BBB7A240019D135 /* Build configuration list for PBXNativeTarget "TableStrechingViewTests" */ = {
			isa = XCConfigurationList;
			buildConfigurations = (
				253877531BBB7A240019D135 /* Debug */,
				253877541BBB7A240019D135 /* Release */,
			);
			defaultConfigurationIsVisible = 0;
			defaultConfigurationName = Release;
		};
		253877551BBB7A240019D135 /* Build configuration list for PBXNativeTarget "TableStrechingViewUITests" */ = {
			isa = XCConfigurationList;
			buildConfigurations = (
				253877561BBB7A240019D135 /* Debug */,
				253877571BBB7A240019D135 /* Release */,
			);
			defaultConfigurationIsVisible = 0;
			defaultConfigurationName = Release;
		};
/* End XCConfigurationList section */
	};
	rootObject = 2538771A1BBB7A240019D135 /* Project object */;
}
